<?xml version="1.0" encoding="utf-8"?>
<Project ToolsVersion="4.0" xmlns="http://schemas.microsoft.com/developer/msbuild/2003">
  <ItemGroup>
    <ClCompile Include="Render\Camera.cpp">
      <Filter>Render</Filter>
    </ClCompile>
    <ClCompile Include="Render\Render.cpp">
      <Filter>Render</Filter>
    </ClCompile>
    <ClCompile Include="RenderUtils.cpp" />
    <ClCompile Include="main.cpp" />
    <ClCompile Include="callbacks.cpp" />
    <ClCompile Include="Particle.cpp" />
    <ClCompile Include="SceneObject.cpp" />
    <ClCompile Include="Projectile.cpp" />
    <ClCompile Include="GameObject.cpp" />
    <ClCompile Include="ParticleGenerator.cpp" />
    <ClCompile Include="ParticleSystem.cpp" />
    <ClCompile Include="ShipCannon.cpp" />
    <ClCompile Include="Ship.cpp" />
    <ClCompile Include="InputProcessor.cpp" />
    <ClCompile Include="ScreenSizeConstants.cpp" />
    <ClCompile Include="MissileGenerator.cpp" />
    <ClCompile Include="ForceGenerator.cpp" />
    <ClCompile Include="ParticleGeneratorsDescriptors.cpp" />
    <ClCompile Include="EnemyShip.cpp" />
    <ClCompile Include="BlackHole.cpp" />
    <ClCompile Include="BombGenerator.hpp" />
    <ClCompile Include="BombGenerator.cpp" />
    <ClCompile Include="ShipRegularProjectileCannon.cpp" />
    <ClCompile Include="ParticleDescriptor.cpp" />
    <ClCompile Include="PointSpring.hpp" />
    <ClCompile Include="PointSpring.cpp" />
    <ClCompile Include="Render\hud_elem.cpp" />
  </ItemGroup>
  <ItemGroup>
    <ClInclude Include="core.hpp" />
    <ClInclude Include="Render\Camera.h">
      <Filter>Render</Filter>
    </ClInclude>
    <ClInclude Include="Render\Render.h">
      <Filter>Render</Filter>
    </ClInclude>
    <ClInclude Include="RenderUtils.hpp" />
    <ClInclude Include="callbacks.hpp" />
    <ClInclude Include="SceneObject.hpp" />
    <ClInclude Include="Particle.hpp" />
    <ClInclude Include="CoordinateAxis.hpp" />
    <ClInclude Include="Projectile.hpp" />
    <ClInclude Include="PhysicLib.hpp" />
    <ClInclude Include="GameObject.hpp" />
    <ClInclude Include="ParticleGenerator.hpp" />
    <ClInclude Include="ParticleSystem.hpp" />
    <ClInclude Include="Distributions.hpp" />
    <ClInclude Include="ParticleGeneratorsDescriptors.hpp" />
    <ClInclude Include="ParticleDescriptor.hpp" />
    <ClInclude Include="ShipCannon.hpp" />
    <ClInclude Include="Ship.hpp" />
    <ClInclude Include="InputProcessor.hpp" />
    <ClInclude Include="ScreenSizeConstants.hpp" />
    <ClInclude Include="utils.hpp" />
    <ClInclude Include="MissileGenerator.hpp" />
    <ClInclude Include="ForceGenerator.hpp" />
    <ClInclude Include="EnemyShip.hpp" />
    <ClInclude Include="inverse_mass.hpp" />
    <ClInclude Include="BlackHole.hpp" />
    <ClInclude Include="ShipRegularProjectileCannon.hpp" />
    <ClInclude Include="..\common\Common\Print.h" />
    <ClInclude Include="..\common\Common\PVD.h" />
    <ClInclude Include="stb_image.hpp" />
    <ClInclude Include="Render\hud_elem.hpp" />
  </ItemGroup>
  <ItemGroup>
    <Filter Include="Render">
      <UniqueIdentifier>{d04b4f9f-5a69-465e-8070-25c6d0bcd3c2}</UniqueIdentifier>
    </Filter>
  </ItemGroup>
</Project>